// !$*UTF8*$!
{
	archiveVersion = 1;
	classes = {
	};
	objectVersion = 56;
	objects = {

/* Begin PBXBuildFile section */
		437DA2A9798C1287624D1CFB /* libPods-wechatSwiftUI-wechatSwiftUIUITests.a in Frameworks */ = {isa = PBXBuildFile; fileRef = 86980E4E88448408C02FEBA3 /* libPods-wechatSwiftUI-wechatSwiftUIUITests.a */; };
		615C5A59292BA3D500202BC4 /* TestRoomGeometryReader.swift in Sources */ = {isa = PBXBuildFile; fileRef = 615C5A58292BA3D500202BC4 /* TestRoomGeometryReader.swift */; };
		615C5A5C292BAEE600202BC4 /* LottieView.swift in Sources */ = {isa = PBXBuildFile; fileRef = 615C5A5B292BAEE600202BC4 /* LottieView.swift */; };
		615C5A5E292BBBE600202BC4 /* FunRoomLottie.swift in Sources */ = {isa = PBXBuildFile; fileRef = 615C5A5D292BBBE600202BC4 /* FunRoomLottie.swift */; };
		615C5A60292BBCD900202BC4 /* 127399-cycle-rider.json in Resources */ = {isa = PBXBuildFile; fileRef = 615C5A5F292BBCD900202BC4 /* 127399-cycle-rider.json */; };
		615C5A63292CFC2000202BC4 /* FunRoomAnimationSpring.swift in Sources */ = {isa = PBXBuildFile; fileRef = 615C5A62292CFC2000202BC4 /* FunRoomAnimationSpring.swift */; };
		615D391F291FB04000251211 /* AppDelegate.swift in Sources */ = {isa = PBXBuildFile; fileRef = 615D391E291FB04000251211 /* AppDelegate.swift */; };
		615D3921291FB04000251211 /* SceneDelegate.swift in Sources */ = {isa = PBXBuildFile; fileRef = 615D3920291FB04000251211 /* SceneDelegate.swift */; };
		615D3923291FB04000251211 /* ViewController.swift in Sources */ = {isa = PBXBuildFile; fileRef = 615D3922291FB04000251211 /* ViewController.swift */; };
		615D3926291FB04000251211 /* Main.storyboard in Resources */ = {isa = PBXBuildFile; fileRef = 615D3924291FB04000251211 /* Main.storyboard */; };
		615D3928291FB04200251211 /* Assets.xcassets in Resources */ = {isa = PBXBuildFile; fileRef = 615D3927291FB04200251211 /* Assets.xcassets */; };
		615D392B291FB04200251211 /* LaunchScreen.storyboard in Resources */ = {isa = PBXBuildFile; fileRef = 615D3929291FB04200251211 /* LaunchScreen.storyboard */; };
		615D3936291FB04200251211 /* wechatSwiftUITests.swift in Sources */ = {isa = PBXBuildFile; fileRef = 615D3935291FB04200251211 /* wechatSwiftUITests.swift */; };
		615D3940291FB04200251211 /* wechatSwiftUIUITests.swift in Sources */ = {isa = PBXBuildFile; fileRef = 615D393F291FB04200251211 /* wechatSwiftUIUITests.swift */; };
		615D3942291FB04200251211 /* wechatSwiftUIUITestsLaunchTests.swift in Sources */ = {isa = PBXBuildFile; fileRef = 615D3941291FB04200251211 /* wechatSwiftUIUITestsLaunchTests.swift */; };
		615D3951291FB35900251211 /* TabBar.swift in Sources */ = {isa = PBXBuildFile; fileRef = 615D3950291FB35900251211 /* TabBar.swift */; };
		615D3953291FB44600251211 /* TabBarItemDatable.swift in Sources */ = {isa = PBXBuildFile; fileRef = 615D3952291FB44600251211 /* TabBarItemDatable.swift */; };
		615D3956291FBA9500251211 /* Chat.swift in Sources */ = {isa = PBXBuildFile; fileRef = 615D3955291FBA9500251211 /* Chat.swift */; };
		615D3959291FBBFB00251211 /* Contact.swift in Sources */ = {isa = PBXBuildFile; fileRef = 615D3958291FBBFB00251211 /* Contact.swift */; };
		615D395C291FBC1100251211 /* Discover.swift in Sources */ = {isa = PBXBuildFile; fileRef = 615D395B291FBC1100251211 /* Discover.swift */; };
		615D395F291FBC2900251211 /* Mine.swift in Sources */ = {isa = PBXBuildFile; fileRef = 615D395E291FBC2900251211 /* Mine.swift */; };
		615D3964291FD12800251211 /* Separator.swift in Sources */ = {isa = PBXBuildFile; fileRef = 615D3963291FD12800251211 /* Separator.swift */; };
		615D3966291FD31400251211 /* ChatList.swift in Sources */ = {isa = PBXBuildFile; fileRef = 615D3965291FD31400251211 /* ChatList.swift */; };
		615D3968291FD32300251211 /* ChatRow.swift in Sources */ = {isa = PBXBuildFile; fileRef = 615D3967291FD32300251211 /* ChatRow.swift */; };
		615D396B291FD44100251211 /* ChatJSON.swift in Sources */ = {isa = PBXBuildFile; fileRef = 615D396A291FD44100251211 /* ChatJSON.swift */; };
		615D396D291FD7F000251211 /* ChatMessageModel.swift in Sources */ = {isa = PBXBuildFile; fileRef = 615D396C291FD7F000251211 /* ChatMessageModel.swift */; };
		615D396F291FD87100251211 /* Modelable.swift in Sources */ = {isa = PBXBuildFile; fileRef = 615D396E291FD87100251211 /* Modelable.swift */; };
		615D3971291FDEA000251211 /* ChatRoom.swift in Sources */ = {isa = PBXBuildFile; fileRef = 615D3970291FDEA000251211 /* ChatRoom.swift */; };
		615D3973291FE78C00251211 /* Search.swift in Sources */ = {isa = PBXBuildFile; fileRef = 615D3972291FE78C00251211 /* Search.swift */; };
		615D3975291FE79700251211 /* SearchBar.swift in Sources */ = {isa = PBXBuildFile; fileRef = 615D3974291FE79700251211 /* SearchBar.swift */; };
		615D39792920926F00251211 /* ContactList.swift in Sources */ = {isa = PBXBuildFile; fileRef = 615D39782920926F00251211 /* ContactList.swift */; };
		615D397B2920934200251211 /* ContactListRow.swift in Sources */ = {isa = PBXBuildFile; fileRef = 615D397A2920934200251211 /* ContactListRow.swift */; };
		615D397D2920935C00251211 /* ContactJSON.swift in Sources */ = {isa = PBXBuildFile; fileRef = 615D397C2920935C00251211 /* ContactJSON.swift */; };
		615D39802920955800251211 /* contact_list_net_json.json in Resources */ = {isa = PBXBuildFile; fileRef = 615D397F2920955800251211 /* contact_list_net_json.json */; };
		615D398329209AC500251211 /* Api.swift in Sources */ = {isa = PBXBuildFile; fileRef = 615D398229209AC500251211 /* Api.swift */; };
		615D39852920A04400251211 /* ApiService.swift in Sources */ = {isa = PBXBuildFile; fileRef = 615D39842920A04400251211 /* ApiService.swift */; };
		615D39872920DF0900251211 /* ContactViewModel.swift in Sources */ = {isa = PBXBuildFile; fileRef = 615D39862920DF0900251211 /* ContactViewModel.swift */; };
		615D398A2920F30D00251211 /* Member.swift in Sources */ = {isa = PBXBuildFile; fileRef = 615D39892920F30D00251211 /* Member.swift */; };
		615D398C2920FD3200251211 /* ContactSectionHeader.swift in Sources */ = {isa = PBXBuildFile; fileRef = 615D398B2920FD3200251211 /* ContactSectionHeader.swift */; };
		6172D9A0292273AA00A78C35 /* AddFriend.swift in Sources */ = {isa = PBXBuildFile; fileRef = 6172D99F292273AA00A78C35 /* AddFriend.swift */; };
		6172D9A2292273C300A78C35 /* GroupRoomList.swift in Sources */ = {isa = PBXBuildFile; fileRef = 6172D9A1292273C300A78C35 /* GroupRoomList.swift */; };
		6172D9A42922741700A78C35 /* FriendTag.swift in Sources */ = {isa = PBXBuildFile; fileRef = 6172D9A32922741700A78C35 /* FriendTag.swift */; };
		6172D9A6292278BC00A78C35 /* DiscoverJSON.swift in Sources */ = {isa = PBXBuildFile; fileRef = 6172D9A5292278BC00A78C35 /* DiscoverJSON.swift */; };
		6172D9A829227A0C00A78C35 /* DiscoverRow.swift in Sources */ = {isa = PBXBuildFile; fileRef = 6172D9A729227A0C00A78C35 /* DiscoverRow.swift */; };
		6172D9AA29227F7900A78C35 /* Dot.swift in Sources */ = {isa = PBXBuildFile; fileRef = 6172D9A929227F7900A78C35 /* Dot.swift */; };
		6172D9AD2922834F00A78C35 /* DiscoverList.swift in Sources */ = {isa = PBXBuildFile; fileRef = 6172D9AC2922834F00A78C35 /* DiscoverList.swift */; };
		6172D9AF292285DB00A78C35 /* DiscoverViewModel.swift in Sources */ = {isa = PBXBuildFile; fileRef = 6172D9AE292285DB00A78C35 /* DiscoverViewModel.swift */; };
		6172D9B129228A2B00A78C35 /* discover_list_net_json.json in Resources */ = {isa = PBXBuildFile; fileRef = 6172D9B029228A2B00A78C35 /* discover_list_net_json.json */; };
		6172D9B329228B7000A78C35 /* SpaceHolder.swift in Sources */ = {isa = PBXBuildFile; fileRef = 6172D9B229228B7000A78C35 /* SpaceHolder.swift */; };
		6172D9B62922964100A78C35 /* Game.swift in Sources */ = {isa = PBXBuildFile; fileRef = 6172D9B52922964100A78C35 /* Game.swift */; };
		6172D9B82923C4FD00A78C35 /* MineList.swift in Sources */ = {isa = PBXBuildFile; fileRef = 6172D9B72923C4FD00A78C35 /* MineList.swift */; };
		6172D9BA2923C52300A78C35 /* MineHeader.swift in Sources */ = {isa = PBXBuildFile; fileRef = 6172D9B92923C52300A78C35 /* MineHeader.swift */; };
		6172D9BC2923C57900A78C35 /* MineJSON.swift in Sources */ = {isa = PBXBuildFile; fileRef = 6172D9BB2923C57900A78C35 /* MineJSON.swift */; };
		6172D9BE2923C65400A78C35 /* mine_list_net_json.json in Resources */ = {isa = PBXBuildFile; fileRef = 6172D9BD2923C65400A78C35 /* mine_list_net_json.json */; };
		6172D9C02923C6EB00A78C35 /* MineViewModel.swift in Sources */ = {isa = PBXBuildFile; fileRef = 6172D9BF2923C6EB00A78C35 /* MineViewModel.swift */; };
		6172D9C3292495C300A78C35 /* TabBarHidden.swift in Sources */ = {isa = PBXBuildFile; fileRef = 6172D9C2292495C300A78C35 /* TabBarHidden.swift */; };
		6172D9CC2924C28600A78C35 /* chat_list_net_json.json in Resources */ = {isa = PBXBuildFile; fileRef = 6172D9CB2924C28600A78C35 /* chat_list_net_json.json */; };
		6172D9CE2924C7CA00A78C35 /* ChatViewModel.swift in Sources */ = {isa = PBXBuildFile; fileRef = 6172D9CD2924C7CA00A78C35 /* ChatViewModel.swift */; };
		6172D9D12924D83800A78C35 /* Moment.swift in Sources */ = {isa = PBXBuildFile; fileRef = 6172D9D02924D83800A78C35 /* Moment.swift */; };
		6172D9D32924DABA00A78C35 /* moment_list_net_json.json in Resources */ = {isa = PBXBuildFile; fileRef = 6172D9D22924DABA00A78C35 /* moment_list_net_json.json */; };
		6172D9D52924DB9C00A78C35 /* MomentJSON.swift in Sources */ = {isa = PBXBuildFile; fileRef = 6172D9D42924DB9C00A78C35 /* MomentJSON.swift */; };
		6172D9D72924E7BB00A78C35 /* MomentViewModel.swift in Sources */ = {isa = PBXBuildFile; fileRef = 6172D9D62924E7BB00A78C35 /* MomentViewModel.swift */; };
		6172D9D92924E82200A78C35 /* MomentList.swift in Sources */ = {isa = PBXBuildFile; fileRef = 6172D9D82924E82200A78C35 /* MomentList.swift */; };
		6172D9DB2924EAFD00A78C35 /* MomentHeader.swift in Sources */ = {isa = PBXBuildFile; fileRef = 6172D9DA2924EAFD00A78C35 /* MomentHeader.swift */; };
		6172D9DE2925021100A78C35 /* EnvironmentValues_StatusBarStyle.swift in Sources */ = {isa = PBXBuildFile; fileRef = 6172D9DD2925021100A78C35 /* EnvironmentValues_StatusBarStyle.swift */; };
		6172D9E02926759300A78C35 /* MomentRow.swift in Sources */ = {isa = PBXBuildFile; fileRef = 6172D9DF2926759300A78C35 /* MomentRow.swift */; };
		6172D9E22927DB2500A78C35 /* EnvironmentValues_NavigationBarShadowImage.swift in Sources */ = {isa = PBXBuildFile; fileRef = 6172D9E12927DB2500A78C35 /* EnvironmentValues_NavigationBarShadowImage.swift */; };
		6172D9E52928654800A78C35 /* TestRoom.swift in Sources */ = {isa = PBXBuildFile; fileRef = 6172D9E42928654800A78C35 /* TestRoom.swift */; };
		6172D9E82928702B00A78C35 /* TestRoomState.swift in Sources */ = {isa = PBXBuildFile; fileRef = 6172D9E72928702B00A78C35 /* TestRoomState.swift */; };
		6172D9EB2928950400A78C35 /* TestRoomBinding.swift in Sources */ = {isa = PBXBuildFile; fileRef = 6172D9EA2928950400A78C35 /* TestRoomBinding.swift */; };
		6172D9EE2928ADF500A78C35 /* TestRoomPublish.swift in Sources */ = {isa = PBXBuildFile; fileRef = 6172D9ED2928ADF500A78C35 /* TestRoomPublish.swift */; };
		6172D9F12928BC8C00A78C35 /* FunRoomLocalization.swift in Sources */ = {isa = PBXBuildFile; fileRef = 6172D9F02928BC8C00A78C35 /* FunRoomLocalization.swift */; };
		6172DA042929E65E00A78C35 /* Language.swift in Sources */ = {isa = PBXBuildFile; fileRef = 6172DA032929E65E00A78C35 /* Language.swift */; };
		6172DA072929E84D00A78C35 /* Localizable.strings in Resources */ = {isa = PBXBuildFile; fileRef = 6172DA092929E84D00A78C35 /* Localizable.strings */; };
		6172DA12292A1E8E00A78C35 /* FunRoom.swift in Sources */ = {isa = PBXBuildFile; fileRef = 6172DA11292A1E8E00A78C35 /* FunRoom.swift */; };
		63342019D5A6A7097F5B4E6F /* libPods-wechatSwiftUITests.a in Frameworks */ = {isa = PBXBuildFile; fileRef = E2672AB783590416B92D447D /* libPods-wechatSwiftUITests.a */; };
		C9A4C484D5B098EE534014C2 /* libPods-wechatSwiftUI.a in Frameworks */ = {isa = PBXBuildFile; fileRef = D3D5DE42645B8242F40E2A6D /* libPods-wechatSwiftUI.a */; };
/* End PBXBuildFile section */

/* Begin PBXContainerItemProxy section */
		615D3932291FB04200251211 /* PBXContainerItemProxy */ = {
			isa = PBXContainerItemProxy;
			containerPortal = 615D3913291FB04000251211 /* Project object */;
			proxyType = 1;
			remoteGlobalIDString = 615D391A291FB04000251211;
			remoteInfo = wechatSwiftUI;
		};
		615D393C291FB04200251211 /* PBXContainerItemProxy */ = {
			isa = PBXContainerItemProxy;
			containerPortal = 615D3913291FB04000251211 /* Project object */;
			proxyType = 1;
			remoteGlobalIDString = 615D391A291FB04000251211;
			remoteInfo = wechatSwiftUI;
		};
/* End PBXContainerItemProxy section */

/* Begin PBXFileReference section */
		4007BB7EBE889D3912A9F2D3 /* Pods-wechatSwiftUI-wechatSwiftUIUITests.release.xcconfig */ = {isa = PBXFileReference; includeInIndex = 1; lastKnownFileType = text.xcconfig; name = "Pods-wechatSwiftUI-wechatSwiftUIUITests.release.xcconfig"; path = "Target Support Files/Pods-wechatSwiftUI-wechatSwiftUIUITests/Pods-wechatSwiftUI-wechatSwiftUIUITests.release.xcconfig"; sourceTree = "<group>"; };
		4C8DEF664496711E5B304AD8 /* Pods-wechatSwiftUITests.debug.xcconfig */ = {isa = PBXFileReference; includeInIndex = 1; lastKnownFileType = text.xcconfig; name = "Pods-wechatSwiftUITests.debug.xcconfig"; path = "Target Support Files/Pods-wechatSwiftUITests/Pods-wechatSwiftUITests.debug.xcconfig"; sourceTree = "<group>"; };
		58BB1A36A9F2B3185B0B87C3 /* Pods-wechatSwiftUI.debug.xcconfig */ = {isa = PBXFileReference; includeInIndex = 1; lastKnownFileType = text.xcconfig; name = "Pods-wechatSwiftUI.debug.xcconfig"; path = "Target Support Files/Pods-wechatSwiftUI/Pods-wechatSwiftUI.debug.xcconfig"; sourceTree = "<group>"; };
		615C5A58292BA3D500202BC4 /* TestRoomGeometryReader.swift */ = {isa = PBXFileReference; lastKnownFileType = sourcecode.swift; path = TestRoomGeometryReader.swift; sourceTree = "<group>"; };
		615C5A5B292BAEE600202BC4 /* LottieView.swift */ = {isa = PBXFileReference; lastKnownFileType = sourcecode.swift; path = LottieView.swift; sourceTree = "<group>"; };
		615C5A5D292BBBE600202BC4 /* FunRoomLottie.swift */ = {isa = PBXFileReference; lastKnownFileType = sourcecode.swift; path = FunRoomLottie.swift; sourceTree = "<group>"; };
		615C5A5F292BBCD900202BC4 /* 127399-cycle-rider.json */ = {isa = PBXFileReference; fileEncoding = 4; lastKnownFileType = text.json; path = "127399-cycle-rider.json"; sourceTree = "<group>"; };
		615C5A62292CFC2000202BC4 /* FunRoomAnimationSpring.swift */ = {isa = PBXFileReference; lastKnownFileType = sourcecode.swift; path = FunRoomAnimationSpring.swift; sourceTree = "<group>"; };
		615D391B291FB04000251211 /* wechatSwiftUI.app */ = {isa = PBXFileReference; explicitFileType = wrapper.application; includeInIndex = 0; path = wechatSwiftUI.app; sourceTree = BUILT_PRODUCTS_DIR; };
		615D391E291FB04000251211 /* AppDelegate.swift */ = {isa = PBXFileReference; lastKnownFileType = sourcecode.swift; path = AppDelegate.swift; sourceTree = "<group>"; };
		615D3920291FB04000251211 /* SceneDelegate.swift */ = {isa = PBXFileReference; lastKnownFileType = sourcecode.swift; path = SceneDelegate.swift; sourceTree = "<group>"; };
		615D3922291FB04000251211 /* ViewController.swift */ = {isa = PBXFileReference; lastKnownFileType = sourcecode.swift; path = ViewController.swift; sourceTree = "<group>"; };
		615D3925291FB04000251211 /* Base */ = {isa = PBXFileReference; lastKnownFileType = file.storyboard; name = Base; path = Base.lproj/Main.storyboard; sourceTree = "<group>"; };
		615D3927291FB04200251211 /* Assets.xcassets */ = {isa = PBXFileReference; lastKnownFileType = folder.assetcatalog; path = Assets.xcassets; sourceTree = "<group>"; };
		615D392A291FB04200251211 /* Base */ = {isa = PBXFileReference; lastKnownFileType = file.storyboard; name = Base; path = Base.lproj/LaunchScreen.storyboard; sourceTree = "<group>"; };
		615D392C291FB04200251211 /* Info.plist */ = {isa = PBXFileReference; lastKnownFileType = text.plist.xml; path = Info.plist; sourceTree = "<group>"; };
		615D3931291FB04200251211 /* wechatSwiftUITests.xctest */ = {isa = PBXFileReference; explicitFileType = wrapper.cfbundle; includeInIndex = 0; path = wechatSwiftUITests.xctest; sourceTree = BUILT_PRODUCTS_DIR; };
		615D3935291FB04200251211 /* wechatSwiftUITests.swift */ = {isa = PBXFileReference; lastKnownFileType = sourcecode.swift; path = wechatSwiftUITests.swift; sourceTree = "<group>"; };
		615D393B291FB04200251211 /* wechatSwiftUIUITests.xctest */ = {isa = PBXFileReference; explicitFileType = wrapper.cfbundle; includeInIndex = 0; path = wechatSwiftUIUITests.xctest; sourceTree = BUILT_PRODUCTS_DIR; };
		615D393F291FB04200251211 /* wechatSwiftUIUITests.swift */ = {isa = PBXFileReference; lastKnownFileType = sourcecode.swift; path = wechatSwiftUIUITests.swift; sourceTree = "<group>"; };
		615D3941291FB04200251211 /* wechatSwiftUIUITestsLaunchTests.swift */ = {isa = PBXFileReference; lastKnownFileType = sourcecode.swift; path = wechatSwiftUIUITestsLaunchTests.swift; sourceTree = "<group>"; };
		615D3950291FB35900251211 /* TabBar.swift */ = {isa = PBXFileReference; lastKnownFileType = sourcecode.swift; path = TabBar.swift; sourceTree = "<group>"; };
		615D3952291FB44600251211 /* TabBarItemDatable.swift */ = {isa = PBXFileReference; lastKnownFileType = sourcecode.swift; path = TabBarItemDatable.swift; sourceTree = "<group>"; };
		615D3955291FBA9500251211 /* Chat.swift */ = {isa = PBXFileReference; lastKnownFileType = sourcecode.swift; path = Chat.swift; sourceTree = "<group>"; };
		615D3958291FBBFB00251211 /* Contact.swift */ = {isa = PBXFileReference; lastKnownFileType = sourcecode.swift; path = Contact.swift; sourceTree = "<group>"; };
		615D395B291FBC1100251211 /* Discover.swift */ = {isa = PBXFileReference; lastKnownFileType = sourcecode.swift; path = Discover.swift; sourceTree = "<group>"; };
		615D395E291FBC2900251211 /* Mine.swift */ = {isa = PBXFileReference; lastKnownFileType = sourcecode.swift; path = Mine.swift; sourceTree = "<group>"; };
		615D3963291FD12800251211 /* Separator.swift */ = {isa = PBXFileReference; lastKnownFileType = sourcecode.swift; path = Separator.swift; sourceTree = "<group>"; };
		615D3965291FD31400251211 /* ChatList.swift */ = {isa = PBXFileReference; lastKnownFileType = sourcecode.swift; path = ChatList.swift; sourceTree = "<group>"; };
		615D3967291FD32300251211 /* ChatRow.swift */ = {isa = PBXFileReference; lastKnownFileType = sourcecode.swift; path = ChatRow.swift; sourceTree = "<group>"; };
		615D396A291FD44100251211 /* ChatJSON.swift */ = {isa = PBXFileReference; lastKnownFileType = sourcecode.swift; path = ChatJSON.swift; sourceTree = "<group>"; };
		615D396C291FD7F000251211 /* ChatMessageModel.swift */ = {isa = PBXFileReference; lastKnownFileType = sourcecode.swift; path = ChatMessageModel.swift; sourceTree = "<group>"; };
		615D396E291FD87100251211 /* Modelable.swift */ = {isa = PBXFileReference; lastKnownFileType = sourcecode.swift; path = Modelable.swift; sourceTree = "<group>"; };
		615D3970291FDEA000251211 /* ChatRoom.swift */ = {isa = PBXFileReference; lastKnownFileType = sourcecode.swift; path = ChatRoom.swift; sourceTree = "<group>"; };
		615D3972291FE78C00251211 /* Search.swift */ = {isa = PBXFileReference; lastKnownFileType = sourcecode.swift; path = Search.swift; sourceTree = "<group>"; };
		615D3974291FE79700251211 /* SearchBar.swift */ = {isa = PBXFileReference; lastKnownFileType = sourcecode.swift; path = SearchBar.swift; sourceTree = "<group>"; };
		615D39782920926F00251211 /* ContactList.swift */ = {isa = PBXFileReference; lastKnownFileType = sourcecode.swift; path = ContactList.swift; sourceTree = "<group>"; };
		615D397A2920934200251211 /* ContactListRow.swift */ = {isa = PBXFileReference; lastKnownFileType = sourcecode.swift; path = ContactListRow.swift; sourceTree = "<group>"; };
		615D397C2920935C00251211 /* ContactJSON.swift */ = {isa = PBXFileReference; lastKnownFileType = sourcecode.swift; path = ContactJSON.swift; sourceTree = "<group>"; };
		615D397F2920955800251211 /* contact_list_net_json.json */ = {isa = PBXFileReference; lastKnownFileType = text.json; path = contact_list_net_json.json; sourceTree = "<group>"; };
		615D398229209AC500251211 /* Api.swift */ = {isa = PBXFileReference; lastKnownFileType = sourcecode.swift; path = Api.swift; sourceTree = "<group>"; };
		615D39842920A04400251211 /* ApiService.swift */ = {isa = PBXFileReference; lastKnownFileType = sourcecode.swift; path = ApiService.swift; sourceTree = "<group>"; };
		615D39862920DF0900251211 /* ContactViewModel.swift */ = {isa = PBXFileReference; lastKnownFileType = sourcecode.swift; path = ContactViewModel.swift; sourceTree = "<group>"; };
		615D39892920F30D00251211 /* Member.swift */ = {isa = PBXFileReference; lastKnownFileType = sourcecode.swift; path = Member.swift; sourceTree = "<group>"; };
		615D398B2920FD3200251211 /* ContactSectionHeader.swift */ = {isa = PBXFileReference; lastKnownFileType = sourcecode.swift; path = ContactSectionHeader.swift; sourceTree = "<group>"; };
		6172D99F292273AA00A78C35 /* AddFriend.swift */ = {isa = PBXFileReference; lastKnownFileType = sourcecode.swift; path = AddFriend.swift; sourceTree = "<group>"; };
		6172D9A1292273C300A78C35 /* GroupRoomList.swift */ = {isa = PBXFileReference; lastKnownFileType = sourcecode.swift; path = GroupRoomList.swift; sourceTree = "<group>"; };
		6172D9A32922741700A78C35 /* FriendTag.swift */ = {isa = PBXFileReference; lastKnownFileType = sourcecode.swift; path = FriendTag.swift; sourceTree = "<group>"; };
		6172D9A5292278BC00A78C35 /* DiscoverJSON.swift */ = {isa = PBXFileReference; lastKnownFileType = sourcecode.swift; path = DiscoverJSON.swift; sourceTree = "<group>"; };
		6172D9A729227A0C00A78C35 /* DiscoverRow.swift */ = {isa = PBXFileReference; lastKnownFileType = sourcecode.swift; path = DiscoverRow.swift; sourceTree = "<group>"; };
		6172D9A929227F7900A78C35 /* Dot.swift */ = {isa = PBXFileReference; lastKnownFileType = sourcecode.swift; path = Dot.swift; sourceTree = "<group>"; };
		6172D9AC2922834F00A78C35 /* DiscoverList.swift */ = {isa = PBXFileReference; lastKnownFileType = sourcecode.swift; path = DiscoverList.swift; sourceTree = "<group>"; };
		6172D9AE292285DB00A78C35 /* DiscoverViewModel.swift */ = {isa = PBXFileReference; lastKnownFileType = sourcecode.swift; path = DiscoverViewModel.swift; sourceTree = "<group>"; };
		6172D9B029228A2B00A78C35 /* discover_list_net_json.json */ = {isa = PBXFileReference; fileEncoding = 4; lastKnownFileType = text.json; path = discover_list_net_json.json; sourceTree = "<group>"; };
		6172D9B229228B7000A78C35 /* SpaceHolder.swift */ = {isa = PBXFileReference; lastKnownFileType = sourcecode.swift; path = SpaceHolder.swift; sourceTree = "<group>"; };
		6172D9B52922964100A78C35 /* Game.swift */ = {isa = PBXFileReference; lastKnownFileType = sourcecode.swift; path = Game.swift; sourceTree = "<group>"; };
		6172D9B72923C4FD00A78C35 /* MineList.swift */ = {isa = PBXFileReference; lastKnownFileType = sourcecode.swift; path = MineList.swift; sourceTree = "<group>"; };
		6172D9B92923C52300A78C35 /* MineHeader.swift */ = {isa = PBXFileReference; lastKnownFileType = sourcecode.swift; path = MineHeader.swift; sourceTree = "<group>"; };
		6172D9BB2923C57900A78C35 /* MineJSON.swift */ = {isa = PBXFileReference; lastKnownFileType = sourcecode.swift; path = MineJSON.swift; sourceTree = "<group>"; };
		6172D9BD2923C65400A78C35 /* mine_list_net_json.json */ = {isa = PBXFileReference; lastKnownFileType = text.json; path = mine_list_net_json.json; sourceTree = "<group>"; };
		6172D9BF2923C6EB00A78C35 /* MineViewModel.swift */ = {isa = PBXFileReference; lastKnownFileType = sourcecode.swift; path = MineViewModel.swift; sourceTree = "<group>"; };
		6172D9C2292495C300A78C35 /* TabBarHidden.swift */ = {isa = PBXFileReference; lastKnownFileType = sourcecode.swift; path = TabBarHidden.swift; sourceTree = "<group>"; };
		6172D9CB2924C28600A78C35 /* chat_list_net_json.json */ = {isa = PBXFileReference; lastKnownFileType = text.json; path = chat_list_net_json.json; sourceTree = "<group>"; };
		6172D9CD2924C7CA00A78C35 /* ChatViewModel.swift */ = {isa = PBXFileReference; lastKnownFileType = sourcecode.swift; path = ChatViewModel.swift; sourceTree = "<group>"; };
		6172D9D02924D83800A78C35 /* Moment.swift */ = {isa = PBXFileReference; lastKnownFileType = sourcecode.swift; path = Moment.swift; sourceTree = "<group>"; };
		6172D9D22924DABA00A78C35 /* moment_list_net_json.json */ = {isa = PBXFileReference; lastKnownFileType = text.json; path = moment_list_net_json.json; sourceTree = "<group>"; };
		6172D9D42924DB9C00A78C35 /* MomentJSON.swift */ = {isa = PBXFileReference; lastKnownFileType = sourcecode.swift; path = MomentJSON.swift; sourceTree = "<group>"; };
		6172D9D62924E7BB00A78C35 /* MomentViewModel.swift */ = {isa = PBXFileReference; lastKnownFileType = sourcecode.swift; path = MomentViewModel.swift; sourceTree = "<group>"; };
		6172D9D82924E82200A78C35 /* MomentList.swift */ = {isa = PBXFileReference; lastKnownFileType = sourcecode.swift; path = MomentList.swift; sourceTree = "<group>"; };
		6172D9DA2924EAFD00A78C35 /* MomentHeader.swift */ = {isa = PBXFileReference; lastKnownFileType = sourcecode.swift; path = MomentHeader.swift; sourceTree = "<group>"; };
		6172D9DD2925021100A78C35 /* EnvironmentValues_StatusBarStyle.swift */ = {isa = PBXFileReference; lastKnownFileType = sourcecode.swift; path = EnvironmentValues_StatusBarStyle.swift; sourceTree = "<group>"; };
		6172D9DF2926759300A78C35 /* MomentRow.swift */ = {isa = PBXFileReference; lastKnownFileType = sourcecode.swift; path = MomentRow.swift; sourceTree = "<group>"; };
		6172D9E12927DB2500A78C35 /* EnvironmentValues_NavigationBarShadowImage.swift */ = {isa = PBXFileReference; lastKnownFileType = sourcecode.swift; path = EnvironmentValues_NavigationBarShadowImage.swift; sourceTree = "<group>"; };
		6172D9E42928654800A78C35 /* TestRoom.swift */ = {isa = PBXFileReference; lastKnownFileType = sourcecode.swift; path = TestRoom.swift; sourceTree = "<group>"; };
		6172D9E72928702B00A78C35 /* TestRoomState.swift */ = {isa = PBXFileReference; lastKnownFileType = sourcecode.swift; path = TestRoomState.swift; sourceTree = "<group>"; };
		6172D9EA2928950400A78C35 /* TestRoomBinding.swift */ = {isa = PBXFileReference; lastKnownFileType = sourcecode.swift; path = TestRoomBinding.swift; sourceTree = "<group>"; };
		6172D9ED2928ADF500A78C35 /* TestRoomPublish.swift */ = {isa = PBXFileReference; lastKnownFileType = sourcecode.swift; path = TestRoomPublish.swift; sourceTree = "<group>"; };
		6172D9F02928BC8C00A78C35 /* FunRoomLocalization.swift */ = {isa = PBXFileReference; lastKnownFileType = sourcecode.swift; path = FunRoomLocalization.swift; sourceTree = "<group>"; };
		6172DA032929E65E00A78C35 /* Language.swift */ = {isa = PBXFileReference; lastKnownFileType = sourcecode.swift; path = Language.swift; sourceTree = "<group>"; };
		6172DA082929E84D00A78C35 /* en */ = {isa = PBXFileReference; lastKnownFileType = text.plist.strings; name = en; path = en.lproj/Localizable.strings; sourceTree = "<group>"; };
		6172DA0B2929E85400A78C35 /* ja */ = {isa = PBXFileReference; lastKnownFileType = text.plist.strings; name = ja; path = ja.lproj/Localizable.strings; sourceTree = "<group>"; };
		6172DA0C2929ED2A00A78C35 /* zh-Hans */ = {isa = PBXFileReference; lastKnownFileType = text.plist.strings; name = "zh-Hans"; path = "zh-Hans.lproj/Localizable.strings"; sourceTree = "<group>"; };
		6172DA11292A1E8E00A78C35 /* FunRoom.swift */ = {isa = PBXFileReference; lastKnownFileType = sourcecode.swift; path = FunRoom.swift; sourceTree = "<group>"; };
		693375C6F52E04A953F66ACC /* Pods-wechatSwiftUI.release.xcconfig */ = {isa = PBXFileReference; includeInIndex = 1; lastKnownFileType = text.xcconfig; name = "Pods-wechatSwiftUI.release.xcconfig"; path = "Target Support Files/Pods-wechatSwiftUI/Pods-wechatSwiftUI.release.xcconfig"; sourceTree = "<group>"; };
		86980E4E88448408C02FEBA3 /* libPods-wechatSwiftUI-wechatSwiftUIUITests.a */ = {isa = PBXFileReference; explicitFileType = archive.ar; includeInIndex = 0; path = "libPods-wechatSwiftUI-wechatSwiftUIUITests.a"; sourceTree = BUILT_PRODUCTS_DIR; };
		BCED876C270413D4952F8B6E /* Pods-wechatSwiftUI-wechatSwiftUIUITests.debug.xcconfig */ = {isa = PBXFileReference; includeInIndex = 1; lastKnownFileType = text.xcconfig; name = "Pods-wechatSwiftUI-wechatSwiftUIUITests.debug.xcconfig"; path = "Target Support Files/Pods-wechatSwiftUI-wechatSwiftUIUITests/Pods-wechatSwiftUI-wechatSwiftUIUITests.debug.xcconfig"; sourceTree = "<group>"; };
		CA405E499F3034D602363EAF /* Pods-wechatSwiftUITests.release.xcconfig */ = {isa = PBXFileReference; includeInIndex = 1; lastKnownFileType = text.xcconfig; name = "Pods-wechatSwiftUITests.release.xcconfig"; path = "Target Support Files/Pods-wechatSwiftUITests/Pods-wechatSwiftUITests.release.xcconfig"; sourceTree = "<group>"; };
		D3D5DE42645B8242F40E2A6D /* libPods-wechatSwiftUI.a */ = {isa = PBXFileReference; explicitFileType = archive.ar; includeInIndex = 0; path = "libPods-wechatSwiftUI.a"; sourceTree = BUILT_PRODUCTS_DIR; };
		E2672AB783590416B92D447D /* libPods-wechatSwiftUITests.a */ = {isa = PBXFileReference; explicitFileType = archive.ar; includeInIndex = 0; path = "libPods-wechatSwiftUITests.a"; sourceTree = BUILT_PRODUCTS_DIR; };
/* End PBXFileReference section */

/* Begin PBXFrameworksBuildPhase section */
		615D3918291FB04000251211 /* Frameworks */ = {
			isa = PBXFrameworksBuildPhase;
			buildActionMask = 2147483647;
			files = (
				C9A4C484D5B098EE534014C2 /* libPods-wechatSwiftUI.a in Frameworks */,
			);
			runOnlyForDeploymentPostprocessing = 0;
		};
		615D392E291FB04200251211 /* Frameworks */ = {
			isa = PBXFrameworksBuildPhase;
			buildActionMask = 2147483647;
			files = (
				63342019D5A6A7097F5B4E6F /* libPods-wechatSwiftUITests.a in Frameworks */,
			);
			runOnlyForDeploymentPostprocessing = 0;
		};
		615D3938291FB04200251211 /* Frameworks */ = {
			isa = PBXFrameworksBuildPhase;
			buildActionMask = 2147483647;
			files = (
				437DA2A9798C1287624D1CFB /* libPods-wechatSwiftUI-wechatSwiftUIUITests.a in Frameworks */,
			);
			runOnlyForDeploymentPostprocessing = 0;
		};
/* End PBXFrameworksBuildPhase section */

/* Begin PBXGroup section */
		0999FDB03A10FA40E36158AF /* Pods */ = {
			isa = PBXGroup;
			children = (
				58BB1A36A9F2B3185B0B87C3 /* Pods-wechatSwiftUI.debug.xcconfig */,
				693375C6F52E04A953F66ACC /* Pods-wechatSwiftUI.release.xcconfig */,
				BCED876C270413D4952F8B6E /* Pods-wechatSwiftUI-wechatSwiftUIUITests.debug.xcconfig */,
				4007BB7EBE889D3912A9F2D3 /* Pods-wechatSwiftUI-wechatSwiftUIUITests.release.xcconfig */,
				4C8DEF664496711E5B304AD8 /* Pods-wechatSwiftUITests.debug.xcconfig */,
				CA405E499F3034D602363EAF /* Pods-wechatSwiftUITests.release.xcconfig */,
			);
			path = Pods;
			sourceTree = "<group>";
		};
		615C5A57292BA3BE00202BC4 /* GeometryReader */ = {
			isa = PBXGroup;
			children = (
				615C5A58292BA3D500202BC4 /* TestRoomGeometryReader.swift */,
			);
			path = GeometryReader;
			sourceTree = "<group>";
		};
		615C5A5A292BAEC200202BC4 /* Lottie */ = {
			isa = PBXGroup;
			children = (
				615C5A5F292BBCD900202BC4 /* 127399-cycle-rider.json */,
				615C5A5B292BAEE600202BC4 /* LottieView.swift */,
				615C5A5D292BBBE600202BC4 /* FunRoomLottie.swift */,
			);
			path = Lottie;
			sourceTree = "<group>";
		};
		615C5A61292CFBFD00202BC4 /* Animation */ = {
			isa = PBXGroup;
			children = (
				615C5A62292CFC2000202BC4 /* FunRoomAnimationSpring.swift */,
			);
			path = Animation;
			sourceTree = "<group>";
		};
		615D3912291FB04000251211 = {
			isa = PBXGroup;
			children = (
				615D391D291FB04000251211 /* wechatSwiftUI */,
				615D3934291FB04200251211 /* wechatSwiftUITests */,
				615D393E291FB04200251211 /* wechatSwiftUIUITests */,
				615D391C291FB04000251211 /* Products */,
				0999FDB03A10FA40E36158AF /* Pods */,
				6D0DC53DD92433EBEFED1DA9 /* Frameworks */,
			);
			sourceTree = "<group>";
		};
		615D391C291FB04000251211 /* Products */ = {
			isa = PBXGroup;
			children = (
				615D391B291FB04000251211 /* wechatSwiftUI.app */,
				615D3931291FB04200251211 /* wechatSwiftUITests.xctest */,
				615D393B291FB04200251211 /* wechatSwiftUIUITests.xctest */,
			);
			name = Products;
			sourceTree = "<group>";
		};
		615D391D291FB04000251211 /* wechatSwiftUI */ = {
			isa = PBXGroup;
			children = (
				6172D9F62929D3AB00A78C35 /* Localization */,
				615D394E291FB0E800251211 /* Files */,
				615D391E291FB04000251211 /* AppDelegate.swift */,
				615D3920291FB04000251211 /* SceneDelegate.swift */,
				6172D9DC292501E500A78C35 /* Environments */,
				615D398129209AA900251211 /* Api */,
				615D397E2920953100251211 /* Jsons */,
				615D3962291FD0B100251211 /* Models */,
				615D3961291FD09D00251211 /* Extensions */,
				615D3960291FD07800251211 /* Components */,
				615D394F291FB11F00251211 /* TabBar */,
				6172D9C529249F9F00A78C35 /* Homes */,
				6172D9C429249CD200A78C35 /* Classes */,
			);
			path = wechatSwiftUI;
			sourceTree = "<group>";
		};
		615D3934291FB04200251211 /* wechatSwiftUITests */ = {
			isa = PBXGroup;
			children = (
				615D3935291FB04200251211 /* wechatSwiftUITests.swift */,
			);
			path = wechatSwiftUITests;
			sourceTree = "<group>";
		};
		615D393E291FB04200251211 /* wechatSwiftUIUITests */ = {
			isa = PBXGroup;
			children = (
				615D393F291FB04200251211 /* wechatSwiftUIUITests.swift */,
				615D3941291FB04200251211 /* wechatSwiftUIUITestsLaunchTests.swift */,
			);
			path = wechatSwiftUIUITests;
			sourceTree = "<group>";
		};
		615D394E291FB0E800251211 /* Files */ = {
			isa = PBXGroup;
			children = (
				615D3924291FB04000251211 /* Main.storyboard */,
				615D3929291FB04200251211 /* LaunchScreen.storyboard */,
				615D3922291FB04000251211 /* ViewController.swift */,
				615D392C291FB04200251211 /* Info.plist */,
				615D3927291FB04200251211 /* Assets.xcassets */,
			);
			name = Files;
			sourceTree = "<group>";
		};
		615D394F291FB11F00251211 /* TabBar */ = {
			isa = PBXGroup;
			children = (
				6172D9C12924959A00A78C35 /* TabBarHidden_iOS15 */,
				615D3950291FB35900251211 /* TabBar.swift */,
				615D3952291FB44600251211 /* TabBarItemDatable.swift */,
			);
			path = TabBar;
			sourceTree = "<group>";
		};
		615D3954291FBA7B00251211 /* Chat */ = {
			isa = PBXGroup;
			children = (
				6172D9CD2924C7CA00A78C35 /* ChatViewModel.swift */,
				615D3955291FBA9500251211 /* Chat.swift */,
				615D3965291FD31400251211 /* ChatList.swift */,
				615D3967291FD32300251211 /* ChatRow.swift */,
			);
			path = Chat;
			sourceTree = "<group>";
		};
		615D3957291FBBEC00251211 /* Contact */ = {
			isa = PBXGroup;
			children = (
				615D39862920DF0900251211 /* ContactViewModel.swift */,
				615D3958291FBBFB00251211 /* Contact.swift */,
				615D39782920926F00251211 /* ContactList.swift */,
				615D397A2920934200251211 /* ContactListRow.swift */,
				615D398B2920FD3200251211 /* ContactSectionHeader.swift */,
			);
			path = Contact;
			sourceTree = "<group>";
		};
		615D395A291FBC0300251211 /* Discover */ = {
			isa = PBXGroup;
			children = (
				6172D9AE292285DB00A78C35 /* DiscoverViewModel.swift */,
				615D395B291FBC1100251211 /* Discover.swift */,
				6172D9AC2922834F00A78C35 /* DiscoverList.swift */,
				6172D9A729227A0C00A78C35 /* DiscoverRow.swift */,
			);
			path = Discover;
			sourceTree = "<group>";
		};
		615D395D291FBC1500251211 /* Mine */ = {
			isa = PBXGroup;
			children = (
				6172D9BF2923C6EB00A78C35 /* MineViewModel.swift */,
				615D395E291FBC2900251211 /* Mine.swift */,
				6172D9B72923C4FD00A78C35 /* MineList.swift */,
				6172D9B92923C52300A78C35 /* MineHeader.swift */,
			);
			path = Mine;
			sourceTree = "<group>";
		};
		615D3960291FD07800251211 /* Components */ = {
			isa = PBXGroup;
			children = (
				6172D9A929227F7900A78C35 /* Dot.swift */,
				615D3963291FD12800251211 /* Separator.swift */,
				6172D9B229228B7000A78C35 /* SpaceHolder.swift */,
			);
			path = Components;
			sourceTree = "<group>";
		};
		615D3961291FD09D00251211 /* Extensions */ = {
			isa = PBXGroup;
			children = (
			);
			path = Extensions;
			sourceTree = "<group>";
		};
		615D3962291FD0B100251211 /* Models */ = {
			isa = PBXGroup;
			children = (
				615D396E291FD87100251211 /* Modelable.swift */,
				615D396A291FD44100251211 /* ChatJSON.swift */,
				615D396C291FD7F000251211 /* ChatMessageModel.swift */,
				615D397C2920935C00251211 /* ContactJSON.swift */,
				6172D9A5292278BC00A78C35 /* DiscoverJSON.swift */,
				6172D9BB2923C57900A78C35 /* MineJSON.swift */,
				6172D9D42924DB9C00A78C35 /* MomentJSON.swift */,
			);
			path = Models;
			sourceTree = "<group>";
		};
		615D3969291FD33000251211 /* Search */ = {
			isa = PBXGroup;
			children = (
				615D3972291FE78C00251211 /* Search.swift */,
				615D3974291FE79700251211 /* SearchBar.swift */,
			);
			path = Search;
			sourceTree = "<group>";
		};
		615D397E2920953100251211 /* Jsons */ = {
			isa = PBXGroup;
			children = (
				615D397F2920955800251211 /* contact_list_net_json.json */,
				6172D9B029228A2B00A78C35 /* discover_list_net_json.json */,
				6172D9BD2923C65400A78C35 /* mine_list_net_json.json */,
				6172D9CB2924C28600A78C35 /* chat_list_net_json.json */,
				6172D9D22924DABA00A78C35 /* moment_list_net_json.json */,
			);
			path = Jsons;
			sourceTree = "<group>";
		};
		615D398129209AA900251211 /* Api */ = {
			isa = PBXGroup;
			children = (
				615D398229209AC500251211 /* Api.swift */,
				615D39842920A04400251211 /* ApiService.swift */,
			);
			path = Api;
			sourceTree = "<group>";
		};
		6172D9B42922962500A78C35 /* Game */ = {
			isa = PBXGroup;
			children = (
				6172D9B52922964100A78C35 /* Game.swift */,
			);
			path = Game;
			sourceTree = "<group>";
		};
		6172D9C12924959A00A78C35 /* TabBarHidden_iOS15 */ = {
			isa = PBXGroup;
			children = (
				6172D9C2292495C300A78C35 /* TabBarHidden.swift */,
			);
			path = TabBarHidden_iOS15;
			sourceTree = "<group>";
		};
		6172D9C429249CD200A78C35 /* Classes */ = {
			isa = PBXGroup;
			children = (
				6172DA0E292A1E5E00A78C35 /* FunRoom */,
				6172D9E32928653200A78C35 /* TestRoom */,
				6172D9CF2924D6D000A78C35 /* Moment */,
				615D3969291FD33000251211 /* Search */,
				6172D9CA2924A1AC00A78C35 /* ChatRoom */,
				6172D9C92924A13300A78C35 /* FriendTag */,
				6172D9C82924A0FB00A78C35 /* AddFriend */,
				6172D9C72924A0CD00A78C35 /* GroupRoomList */,
				6172D9C62924A04800A78C35 /* Member */,
				6172D9B42922962500A78C35 /* Game */,
			);
			path = Classes;
			sourceTree = "<group>";
		};
		6172D9C529249F9F00A78C35 /* Homes */ = {
			isa = PBXGroup;
			children = (
				615D3954291FBA7B00251211 /* Chat */,
				615D3957291FBBEC00251211 /* Contact */,
				615D395A291FBC0300251211 /* Discover */,
				615D395D291FBC1500251211 /* Mine */,
			);
			path = Homes;
			sourceTree = "<group>";
		};
		6172D9C62924A04800A78C35 /* Member */ = {
			isa = PBXGroup;
			children = (
				615D39892920F30D00251211 /* Member.swift */,
			);
			path = Member;
			sourceTree = "<group>";
		};
		6172D9C72924A0CD00A78C35 /* GroupRoomList */ = {
			isa = PBXGroup;
			children = (
				6172D9A1292273C300A78C35 /* GroupRoomList.swift */,
			);
			path = GroupRoomList;
			sourceTree = "<group>";
		};
		6172D9C82924A0FB00A78C35 /* AddFriend */ = {
			isa = PBXGroup;
			children = (
				6172D99F292273AA00A78C35 /* AddFriend.swift */,
			);
			path = AddFriend;
			sourceTree = "<group>";
		};
		6172D9C92924A13300A78C35 /* FriendTag */ = {
			isa = PBXGroup;
			children = (
				6172D9A32922741700A78C35 /* FriendTag.swift */,
			);
			path = FriendTag;
			sourceTree = "<group>";
		};
		6172D9CA2924A1AC00A78C35 /* ChatRoom */ = {
			isa = PBXGroup;
			children = (
				615D3970291FDEA000251211 /* ChatRoom.swift */,
			);
			path = ChatRoom;
			sourceTree = "<group>";
		};
		6172D9CF2924D6D000A78C35 /* Moment */ = {
			isa = PBXGroup;
			children = (
				6172D9D02924D83800A78C35 /* Moment.swift */,
				6172D9D82924E82200A78C35 /* MomentList.swift */,
				6172D9DF2926759300A78C35 /* MomentRow.swift */,
				6172D9DA2924EAFD00A78C35 /* MomentHeader.swift */,
				6172D9D62924E7BB00A78C35 /* MomentViewModel.swift */,
			);
			path = Moment;
			sourceTree = "<group>";
		};
		6172D9DC292501E500A78C35 /* Environments */ = {
			isa = PBXGroup;
			children = (
				6172D9DD2925021100A78C35 /* EnvironmentValues_StatusBarStyle.swift */,
				6172D9E12927DB2500A78C35 /* EnvironmentValues_NavigationBarShadowImage.swift */,
			);
			path = Environments;
			sourceTree = "<group>";
		};
		6172D9E32928653200A78C35 /* TestRoom */ = {
			isa = PBXGroup;
			children = (
				615C5A57292BA3BE00202BC4 /* GeometryReader */,
				6172D9EC2928ADDE00A78C35 /* Published */,
				6172D9E9292894EA00A78C35 /* Binding */,
				6172D9E62928701100A78C35 /* State */,
				6172D9E42928654800A78C35 /* TestRoom.swift */,
			);
			path = TestRoom;
			sourceTree = "<group>";
		};
		6172D9E62928701100A78C35 /* State */ = {
			isa = PBXGroup;
			children = (
				6172D9E72928702B00A78C35 /* TestRoomState.swift */,
			);
			path = State;
			sourceTree = "<group>";
		};
		6172D9E9292894EA00A78C35 /* Binding */ = {
			isa = PBXGroup;
			children = (
				6172D9EA2928950400A78C35 /* TestRoomBinding.swift */,
			);
			path = Binding;
			sourceTree = "<group>";
		};
		6172D9EC2928ADDE00A78C35 /* Published */ = {
			isa = PBXGroup;
			children = (
				6172D9ED2928ADF500A78C35 /* TestRoomPublish.swift */,
			);
			path = Published;
			sourceTree = "<group>";
		};
		6172D9EF2928BC7900A78C35 /* Localization */ = {
			isa = PBXGroup;
			children = (
				6172D9F02928BC8C00A78C35 /* FunRoomLocalization.swift */,
			);
			path = Localization;
			sourceTree = "<group>";
		};
		6172D9F62929D3AB00A78C35 /* Localization */ = {
			isa = PBXGroup;
			children = (
				6172DA032929E65E00A78C35 /* Language.swift */,
				6172DA092929E84D00A78C35 /* Localizable.strings */,
			);
			path = Localization;
			sourceTree = "<group>";
		};
		6172DA0E292A1E5E00A78C35 /* FunRoom */ = {
			isa = PBXGroup;
			children = (
				615C5A61292CFBFD00202BC4 /* Animation */,
				615C5A5A292BAEC200202BC4 /* Lottie */,
				6172D9EF2928BC7900A78C35 /* Localization */,
				6172DA11292A1E8E00A78C35 /* FunRoom.swift */,
			);
			path = FunRoom;
			sourceTree = "<group>";
		};
		6D0DC53DD92433EBEFED1DA9 /* Frameworks */ = {
			isa = PBXGroup;
			children = (
				D3D5DE42645B8242F40E2A6D /* libPods-wechatSwiftUI.a */,
				86980E4E88448408C02FEBA3 /* libPods-wechatSwiftUI-wechatSwiftUIUITests.a */,
				E2672AB783590416B92D447D /* libPods-wechatSwiftUITests.a */,
			);
			name = Frameworks;
			sourceTree = "<group>";
		};
/* End PBXGroup section */

/* Begin PBXNativeTarget section */
		615D391A291FB04000251211 /* wechatSwiftUI */ = {
			isa = PBXNativeTarget;
			buildConfigurationList = 615D3945291FB04200251211 /* Build configuration list for PBXNativeTarget "wechatSwiftUI" */;
			buildPhases = (
				0898D8D123A240DF42B4C24C /* [CP] Check Pods Manifest.lock */,
				615D3917291FB04000251211 /* Sources */,
				615D3918291FB04000251211 /* Frameworks */,
				615D3919291FB04000251211 /* Resources */,
			);
			buildRules = (
			);
			dependencies = (
			);
			name = wechatSwiftUI;
			productName = wechatSwiftUI;
			productReference = 615D391B291FB04000251211 /* wechatSwiftUI.app */;
			productType = "com.apple.product-type.application";
		};
		615D3930291FB04200251211 /* wechatSwiftUITests */ = {
			isa = PBXNativeTarget;
			buildConfigurationList = 615D3948291FB04200251211 /* Build configuration list for PBXNativeTarget "wechatSwiftUITests" */;
			buildPhases = (
				8A38D1194196A4B753DFF295 /* [CP] Check Pods Manifest.lock */,
				615D392D291FB04200251211 /* Sources */,
				615D392E291FB04200251211 /* Frameworks */,
				615D392F291FB04200251211 /* Resources */,
			);
			buildRules = (
			);
			dependencies = (
				615D3933291FB04200251211 /* PBXTargetDependency */,
			);
			name = wechatSwiftUITests;
			productName = wechatSwiftUITests;
			productReference = 615D3931291FB04200251211 /* wechatSwiftUITests.xctest */;
			productType = "com.apple.product-type.bundle.unit-test";
		};
		615D393A291FB04200251211 /* wechatSwiftUIUITests */ = {
			isa = PBXNativeTarget;
			buildConfigurationList = 615D394B291FB04200251211 /* Build configuration list for PBXNativeTarget "wechatSwiftUIUITests" */;
			buildPhases = (
				65FE4C34E1E8763B1996ADB9 /* [CP] Check Pods Manifest.lock */,
				615D3937291FB04200251211 /* Sources */,
				615D3938291FB04200251211 /* Frameworks */,
				615D3939291FB04200251211 /* Resources */,
			);
			buildRules = (
			);
			dependencies = (
				615D393D291FB04200251211 /* PBXTargetDependency */,
			);
			name = wechatSwiftUIUITests;
			productName = wechatSwiftUIUITests;
			productReference = 615D393B291FB04200251211 /* wechatSwiftUIUITests.xctest */;
			productType = "com.apple.product-type.bundle.ui-testing";
		};
/* End PBXNativeTarget section */

/* Begin PBXProject section */
		615D3913291FB04000251211 /* Project object */ = {
			isa = PBXProject;
			attributes = {
				BuildIndependentTargetsInParallel = 1;
				LastSwiftUpdateCheck = 1410;
				LastUpgradeCheck = 1410;
				TargetAttributes = {
					615D391A291FB04000251211 = {
						CreatedOnToolsVersion = 14.1;
					};
					615D3930291FB04200251211 = {
						CreatedOnToolsVersion = 14.1;
						TestTargetID = 615D391A291FB04000251211;
					};
					615D393A291FB04200251211 = {
						CreatedOnToolsVersion = 14.1;
						TestTargetID = 615D391A291FB04000251211;
					};
				};
			};
			buildConfigurationList = 615D3916291FB04000251211 /* Build configuration list for PBXProject "wechatSwiftUI" */;
			compatibilityVersion = "Xcode 14.0";
			developmentRegion = en;
			hasScannedForEncodings = 0;
			knownRegions = (
				en,
				Base,
				"zh-Hans",
				ja,
			);
			mainGroup = 615D3912291FB04000251211;
			productRefGroup = 615D391C291FB04000251211 /* Products */;
			projectDirPath = "";
			projectRoot = "";
			targets = (
				615D391A291FB04000251211 /* wechatSwiftUI */,
				615D3930291FB04200251211 /* wechatSwiftUITests */,
				615D393A291FB04200251211 /* wechatSwiftUIUITests */,
			);
		};
/* End PBXProject section */

/* Begin PBXResourcesBuildPhase section */
		615D3919291FB04000251211 /* Resources */ = {
			isa = PBXResourcesBuildPhase;
			buildActionMask = 2147483647;
			files = (
				6172D9B129228A2B00A78C35 /* discover_list_net_json.json in Resources */,
				6172D9D32924DABA00A78C35 /* moment_list_net_json.json in Resources */,
				615D39802920955800251211 /* contact_list_net_json.json in Resources */,
				615D392B291FB04200251211 /* LaunchScreen.storyboard in Resources */,
				615D3928291FB04200251211 /* Assets.xcassets in Resources */,
				6172D9BE2923C65400A78C35 /* mine_list_net_json.json in Resources */,
				6172DA072929E84D00A78C35 /* Localizable.strings in Resources */,
				615D3926291FB04000251211 /* Main.storyboard in Resources */,
				615C5A60292BBCD900202BC4 /* 127399-cycle-rider.json in Resources */,
				6172D9CC2924C28600A78C35 /* chat_list_net_json.json in Resources */,
			);
			runOnlyForDeploymentPostprocessing = 0;
		};
		615D392F291FB04200251211 /* Resources */ = {
			isa = PBXResourcesBuildPhase;
			buildActionMask = 2147483647;
			files = (
			);
			runOnlyForDeploymentPostprocessing = 0;
		};
		615D3939291FB04200251211 /* Resources */ = {
			isa = PBXResourcesBuildPhase;
			buildActionMask = 2147483647;
			files = (
			);
			runOnlyForDeploymentPostprocessing = 0;
		};
/* End PBXResourcesBuildPhase section */

/* Begin PBXShellScriptBuildPhase section */
		0898D8D123A240DF42B4C24C /* [CP] Check Pods Manifest.lock */ = {
			isa = PBXShellScriptBuildPhase;
			buildActionMask = 2147483647;
			files = (
			);
			inputFileListPaths = (
			);
			inputPaths = (
				"${PODS_PODFILE_DIR_PATH}/Podfile.lock",
				"${PODS_ROOT}/Manifest.lock",
			);
			name = "[CP] Check Pods Manifest.lock";
			outputFileListPaths = (
			);
			outputPaths = (
				"$(DERIVED_FILE_DIR)/Pods-wechatSwiftUI-checkManifestLockResult.txt",
			);
			runOnlyForDeploymentPostprocessing = 0;
			shellPath = /bin/sh;
			shellScript = "diff \"${PODS_PODFILE_DIR_PATH}/Podfile.lock\" \"${PODS_ROOT}/Manifest.lock\" > /dev/null\nif [ $? != 0 ] ; then\n    # print error to STDERR\n    echo \"error: The sandbox is not in sync with the Podfile.lock. Run 'pod install' or update your CocoaPods installation.\" >&2\n    exit 1\nfi\n# This output is used by Xcode 'outputs' to avoid re-running this script phase.\necho \"SUCCESS\" > \"${SCRIPT_OUTPUT_FILE_0}\"\n";
			showEnvVarsInLog = 0;
		};
		65FE4C34E1E8763B1996ADB9 /* [CP] Check Pods Manifest.lock */ = {
			isa = PBXShellScriptBuildPhase;
			buildActionMask = 2147483647;
			files = (
			);
			inputFileListPaths = (
			);
			inputPaths = (
				"${PODS_PODFILE_DIR_PATH}/Podfile.lock",
				"${PODS_ROOT}/Manifest.lock",
			);
			name = "[CP] Check Pods Manifest.lock";
			outputFileListPaths = (
			);
			outputPaths = (
				"$(DERIVED_FILE_DIR)/Pods-wechatSwiftUI-wechatSwiftUIUITests-checkManifestLockResult.txt",
			);
			runOnlyForDeploymentPostprocessing = 0;
			shellPath = /bin/sh;
			shellScript = "diff \"${PODS_PODFILE_DIR_PATH}/Podfile.lock\" \"${PODS_ROOT}/Manifest.lock\" > /dev/null\nif [ $? != 0 ] ; then\n    # print error to STDERR\n    echo \"error: The sandbox is not in sync with the Podfile.lock. Run 'pod install' or update your CocoaPods installation.\" >&2\n    exit 1\nfi\n# This output is used by Xcode 'outputs' to avoid re-running this script phase.\necho \"SUCCESS\" > \"${SCRIPT_OUTPUT_FILE_0}\"\n";
			showEnvVarsInLog = 0;
		};
		8A38D1194196A4B753DFF295 /* [CP] Check Pods Manifest.lock */ = {
			isa = PBXShellScriptBuildPhase;
			buildActionMask = 2147483647;
			files = (
			);
			inputFileListPaths = (
			);
			inputPaths = (
				"${PODS_PODFILE_DIR_PATH}/Podfile.lock",
				"${PODS_ROOT}/Manifest.lock",
			);
			name = "[CP] Check Pods Manifest.lock";
			outputFileListPaths = (
			);
			outputPaths = (
				"$(DERIVED_FILE_DIR)/Pods-wechatSwiftUITests-checkManifestLockResult.txt",
			);
			runOnlyForDeploymentPostprocessing = 0;
			shellPath = /bin/sh;
			shellScript = "diff \"${PODS_PODFILE_DIR_PATH}/Podfile.lock\" \"${PODS_ROOT}/Manifest.lock\" > /dev/null\nif [ $? != 0 ] ; then\n    # print error to STDERR\n    echo \"error: The sandbox is not in sync with the Podfile.lock. Run 'pod install' or update your CocoaPods installation.\" >&2\n    exit 1\nfi\n# This output is used by Xcode 'outputs' to avoid re-running this script phase.\necho \"SUCCESS\" > \"${SCRIPT_OUTPUT_FILE_0}\"\n";
			showEnvVarsInLog = 0;
		};
/* End PBXShellScriptBuildPhase section */

/* Begin PBXSourcesBuildPhase section */
		615D3917291FB04000251211 /* Sources */ = {
			isa = PBXSourcesBuildPhase;
			buildActionMask = 2147483647;
			files = (
				615D395C291FBC1100251211 /* Discover.swift in Sources */,
				615D39872920DF0900251211 /* ContactViewModel.swift in Sources */,
				6172D9A0292273AA00A78C35 /* AddFriend.swift in Sources */,
				6172D9A829227A0C00A78C35 /* DiscoverRow.swift in Sources */,
				6172D9BC2923C57900A78C35 /* MineJSON.swift in Sources */,
				6172D9A42922741700A78C35 /* FriendTag.swift in Sources */,
				6172D9AF292285DB00A78C35 /* DiscoverViewModel.swift in Sources */,
				615C5A63292CFC2000202BC4 /* FunRoomAnimationSpring.swift in Sources */,
				615D3923291FB04000251211 /* ViewController.swift in Sources */,
				6172D9BA2923C52300A78C35 /* MineHeader.swift in Sources */,
				6172D9B82923C4FD00A78C35 /* MineList.swift in Sources */,
				6172D9CE2924C7CA00A78C35 /* ChatViewModel.swift in Sources */,
				615D3956291FBA9500251211 /* Chat.swift in Sources */,
				615C5A5C292BAEE600202BC4 /* LottieView.swift in Sources */,
				615D395F291FBC2900251211 /* Mine.swift in Sources */,
				615D3973291FE78C00251211 /* Search.swift in Sources */,
				615D3975291FE79700251211 /* SearchBar.swift in Sources */,
				615D3968291FD32300251211 /* ChatRow.swift in Sources */,
				615D391F291FB04000251211 /* AppDelegate.swift in Sources */,
				6172D9E52928654800A78C35 /* TestRoom.swift in Sources */,
				615D3971291FDEA000251211 /* ChatRoom.swift in Sources */,
				615D3953291FB44600251211 /* TabBarItemDatable.swift in Sources */,
				615D396D291FD7F000251211 /* ChatMessageModel.swift in Sources */,
				6172D9F12928BC8C00A78C35 /* FunRoomLocalization.swift in Sources */,
				6172D9D92924E82200A78C35 /* MomentList.swift in Sources */,
				6172DA042929E65E00A78C35 /* Language.swift in Sources */,
				6172D9DB2924EAFD00A78C35 /* MomentHeader.swift in Sources */,
				615D397D2920935C00251211 /* ContactJSON.swift in Sources */,
				6172D9E02926759300A78C35 /* MomentRow.swift in Sources */,
				6172D9A2292273C300A78C35 /* GroupRoomList.swift in Sources */,
				6172D9B62922964100A78C35 /* Game.swift in Sources */,
				615D39792920926F00251211 /* ContactList.swift in Sources */,
				615D3921291FB04000251211 /* SceneDelegate.swift in Sources */,
				6172DA12292A1E8E00A78C35 /* FunRoom.swift in Sources */,
				6172D9D72924E7BB00A78C35 /* MomentViewModel.swift in Sources */,
				615D3966291FD31400251211 /* ChatList.swift in Sources */,
				6172D9E82928702B00A78C35 /* TestRoomState.swift in Sources */,
				615D3964291FD12800251211 /* Separator.swift in Sources */,
				6172D9AD2922834F00A78C35 /* DiscoverList.swift in Sources */,
				615D398329209AC500251211 /* Api.swift in Sources */,
				6172D9D52924DB9C00A78C35 /* MomentJSON.swift in Sources */,
				6172D9AA29227F7900A78C35 /* Dot.swift in Sources */,
				615C5A5E292BBBE600202BC4 /* FunRoomLottie.swift in Sources */,
				6172D9D12924D83800A78C35 /* Moment.swift in Sources */,
				6172D9DE2925021100A78C35 /* EnvironmentValues_StatusBarStyle.swift in Sources */,
				615D3951291FB35900251211 /* TabBar.swift in Sources */,
				6172D9E22927DB2500A78C35 /* EnvironmentValues_NavigationBarShadowImage.swift in Sources */,
				615D39852920A04400251211 /* ApiService.swift in Sources */,
				615C5A59292BA3D500202BC4 /* TestRoomGeometryReader.swift in Sources */,
				615D396B291FD44100251211 /* ChatJSON.swift in Sources */,
				6172D9EE2928ADF500A78C35 /* TestRoomPublish.swift in Sources */,
				6172D9C3292495C300A78C35 /* TabBarHidden.swift in Sources */,
				615D396F291FD87100251211 /* Modelable.swift in Sources */,
				6172D9EB2928950400A78C35 /* TestRoomBinding.swift in Sources */,
				6172D9B329228B7000A78C35 /* SpaceHolder.swift in Sources */,
				6172D9C02923C6EB00A78C35 /* MineViewModel.swift in Sources */,
				6172D9A6292278BC00A78C35 /* DiscoverJSON.swift in Sources */,
				615D3959291FBBFB00251211 /* Contact.swift in Sources */,
				615D397B2920934200251211 /* ContactListRow.swift in Sources */,
				615D398C2920FD3200251211 /* ContactSectionHeader.swift in Sources */,
				615D398A2920F30D00251211 /* Member.swift in Sources */,
			);
			runOnlyForDeploymentPostprocessing = 0;
		};
		615D392D291FB04200251211 /* Sources */ = {
			isa = PBXSourcesBuildPhase;
			buildActionMask = 2147483647;
			files = (
				615D3936291FB04200251211 /* wechatSwiftUITests.swift in Sources */,
			);
			runOnlyForDeploymentPostprocessing = 0;
		};
		615D3937291FB04200251211 /* Sources */ = {
			isa = PBXSourcesBuildPhase;
			buildActionMask = 2147483647;
			files = (
				615D3942291FB04200251211 /* wechatSwiftUIUITestsLaunchTests.swift in Sources */,
				615D3940291FB04200251211 /* wechatSwiftUIUITests.swift in Sources */,
			);
			runOnlyForDeploymentPostprocessing = 0;
		};
/* End PBXSourcesBuildPhase section */

/* Begin PBXTargetDependency section */
		615D3933291FB04200251211 /* PBXTargetDependency */ = {
			isa = PBXTargetDependency;
			target = 615D391A291FB04000251211 /* wechatSwiftUI */;
			targetProxy = 615D3932291FB04200251211 /* PBXContainerItemProxy */;
		};
		615D393D291FB04200251211 /* PBXTargetDependency */ = {
			isa = PBXTargetDependency;
			target = 615D391A291FB04000251211 /* wechatSwiftUI */;
			targetProxy = 615D393C291FB04200251211 /* PBXContainerItemProxy */;
		};
/* End PBXTargetDependency section */

/* Begin PBXVariantGroup section */
		615D3924291FB04000251211 /* Main.storyboard */ = {
			isa = PBXVariantGroup;
			children = (
				615D3925291FB04000251211 /* Base */,
			);
			name = Main.storyboard;
			sourceTree = "<group>";
		};
		615D3929291FB04200251211 /* LaunchScreen.storyboard */ = {
			isa = PBXVariantGroup;
			children = (
				615D392A291FB04200251211 /* Base */,
			);
			name = LaunchScreen.storyboard;
			sourceTree = "<group>";
		};
		6172DA092929E84D00A78C35 /* Localizable.strings */ = {
			isa = PBXVariantGroup;
			children = (
				6172DA082929E84D00A78C35 /* en */,
				6172DA0B2929E85400A78C35 /* ja */,
				6172DA0C2929ED2A00A78C35 /* zh-Hans */,
			);
			name = Localizable.strings;
			sourceTree = "<group>";
		};
/* End PBXVariantGroup section */

/* Begin XCBuildConfiguration section */
		615D3943291FB04200251211 /* Debug */ = {
			isa = XCBuildConfiguration;
			buildSettings = {
				ALWAYS_SEARCH_USER_PATHS = NO;
				CLANG_ANALYZER_LOCALIZABILITY_NONLOCALIZED = YES;
				CLANG_ANALYZER_NONNULL = YES;
				CLANG_ANALYZER_NUMBER_OBJECT_CONVERSION = YES_AGGRESSIVE;
				CLANG_CXX_LANGUAGE_STANDARD = "gnu++20";
				CLANG_ENABLE_MODULES = YES;
				CLANG_ENABLE_OBJC_ARC = YES;
				CLANG_ENABLE_OBJC_WEAK = YES;
				CLANG_WARN_BLOCK_CAPTURE_AUTORELEASING = YES;
				CLANG_WARN_BOOL_CONVERSION = YES;
				CLANG_WARN_COMMA = YES;
				CLANG_WARN_CONSTANT_CONVERSION = YES;
				CLANG_WARN_DEPRECATED_OBJC_IMPLEMENTATIONS = YES;
				CLANG_WARN_DIRECT_OBJC_ISA_USAGE = YES_ERROR;
				CLANG_WARN_DOCUMENTATION_COMMENTS = YES;
				CLANG_WARN_EMPTY_BODY = YES;
				CLANG_WARN_ENUM_CONVERSION = YES;
				CLANG_WARN_INFINITE_RECURSION = YES;
				CLANG_WARN_INT_CONVERSION = YES;
				CLANG_WARN_NON_LITERAL_NULL_CONVERSION = YES;
				CLANG_WARN_OBJC_IMPLICIT_RETAIN_SELF = YES;
				CLANG_WARN_OBJC_LITERAL_CONVERSION = YES;
				CLANG_WARN_OBJC_ROOT_CLASS = YES_ERROR;
				CLANG_WARN_QUOTED_INCLUDE_IN_FRAMEWORK_HEADER = YES;
				CLANG_WARN_RANGE_LOOP_ANALYSIS = YES;
				CLANG_WARN_STRICT_PROTOTYPES = YES;
				CLANG_WARN_SUSPICIOUS_MOVE = YES;
				CLANG_WARN_UNGUARDED_AVAILABILITY = YES_AGGRESSIVE;
				CLANG_WARN_UNREACHABLE_CODE = YES;
				CLANG_WARN__DUPLICATE_METHOD_MATCH = YES;
				COPY_PHASE_STRIP = NO;
				DEBUG_INFORMATION_FORMAT = dwarf;
				ENABLE_STRICT_OBJC_MSGSEND = YES;
				ENABLE_TESTABILITY = YES;
				GCC_C_LANGUAGE_STANDARD = gnu11;
				GCC_DYNAMIC_NO_PIC = NO;
				GCC_NO_COMMON_BLOCKS = YES;
				GCC_OPTIMIZATION_LEVEL = 0;
				GCC_PREPROCESSOR_DEFINITIONS = (
					"DEBUG=1",
					"$(inherited)",
				);
				GCC_WARN_64_TO_32_BIT_CONVERSION = YES;
				GCC_WARN_ABOUT_RETURN_TYPE = YES_ERROR;
				GCC_WARN_UNDECLARED_SELECTOR = YES;
				GCC_WARN_UNINITIALIZED_AUTOS = YES_AGGRESSIVE;
				GCC_WARN_UNUSED_FUNCTION = YES;
				GCC_WARN_UNUSED_VARIABLE = YES;
				IPHONEOS_DEPLOYMENT_TARGET = 16.1;
				MTL_ENABLE_DEBUG_INFO = INCLUDE_SOURCE;
				MTL_FAST_MATH = YES;
				ONLY_ACTIVE_ARCH = YES;
				SDKROOT = iphoneos;
				SWIFT_ACTIVE_COMPILATION_CONDITIONS = DEBUG;
				SWIFT_OPTIMIZATION_LEVEL = "-Onone";
			};
			name = Debug;
		};
		615D3944291FB04200251211 /* Release */ = {
			isa = XCBuildConfiguration;
			buildSettings = {
				ALWAYS_SEARCH_USER_PATHS = NO;
				CLANG_ANALYZER_LOCALIZABILITY_NONLOCALIZED = YES;
				CLANG_ANALYZER_NONNULL = YES;
				CLANG_ANALYZER_NUMBER_OBJECT_CONVERSION = YES_AGGRESSIVE;
				CLANG_CXX_LANGUAGE_STANDARD = "gnu++20";
				CLANG_ENABLE_MODULES = YES;
				CLANG_ENABLE_OBJC_ARC = YES;
				CLANG_ENABLE_OBJC_WEAK = YES;
				CLANG_WARN_BLOCK_CAPTURE_AUTORELEASING = YES;
				CLANG_WARN_BOOL_CONVERSION = YES;
				CLANG_WARN_COMMA = YES;
				CLANG_WARN_CONSTANT_CONVERSION = YES;
				CLANG_WARN_DEPRECATED_OBJC_IMPLEMENTATIONS = YES;
				CLANG_WARN_DIRECT_OBJC_ISA_USAGE = YES_ERROR;
				CLANG_WARN_DOCUMENTATION_COMMENTS = YES;
				CLANG_WARN_EMPTY_BODY = YES;
				CLANG_WARN_ENUM_CONVERSION = YES;
				CLANG_WARN_INFINITE_RECURSION = YES;
				CLANG_WARN_INT_CONVERSION = YES;
				CLANG_WARN_NON_LITERAL_NULL_CONVERSION = YES;
				CLANG_WARN_OBJC_IMPLICIT_RETAIN_SELF = YES;
				CLANG_WARN_OBJC_LITERAL_CONVERSION = YES;
				CLANG_WARN_OBJC_ROOT_CLASS = YES_ERROR;
				CLANG_WARN_QUOTED_INCLUDE_IN_FRAMEWORK_HEADER = YES;
				CLANG_WARN_RANGE_LOOP_ANALYSIS = YES;
				CLANG_WARN_STRICT_PROTOTYPES = YES;
				CLANG_WARN_SUSPICIOUS_MOVE = YES;
				CLANG_WARN_UNGUARDED_AVAILABILITY = YES_AGGRESSIVE;
				CLANG_WARN_UNREACHABLE_CODE = YES;
				CLANG_WARN__DUPLICATE_METHOD_MATCH = YES;
				COPY_PHASE_STRIP = NO;
				DEBUG_INFORMATION_FORMAT = "dwarf-with-dsym";
				ENABLE_NS_ASSERTIONS = NO;
				ENABLE_STRICT_OBJC_MSGSEND = YES;
				GCC_C_LANGUAGE_STANDARD = gnu11;
				GCC_NO_COMMON_BLOCKS = YES;
				GCC_WARN_64_TO_32_BIT_CONVERSION = YES;
				GCC_WARN_ABOUT_RETURN_TYPE = YES_ERROR;
				GCC_WARN_UNDECLARED_SELECTOR = YES;
				GCC_WARN_UNINITIALIZED_AUTOS = YES_AGGRESSIVE;
				GCC_WARN_UNUSED_FUNCTION = YES;
				GCC_WARN_UNUSED_VARIABLE = YES;
				IPHONEOS_DEPLOYMENT_TARGET = 16.1;
				MTL_ENABLE_DEBUG_INFO = NO;
				MTL_FAST_MATH = YES;
				SDKROOT = iphoneos;
				SWIFT_COMPILATION_MODE = wholemodule;
				SWIFT_OPTIMIZATION_LEVEL = "-O";
				VALIDATE_PRODUCT = YES;
			};
			name = Release;
		};
		615D3946291FB04200251211 /* Debug */ = {
			isa = XCBuildConfiguration;
			baseConfigurationReference = 58BB1A36A9F2B3185B0B87C3 /* Pods-wechatSwiftUI.debug.xcconfig */;
			buildSettings = {
				ASSETCATALOG_COMPILER_APPICON_NAME = AppIcon;
				ASSETCATALOG_COMPILER_GLOBAL_ACCENT_COLOR_NAME = AccentColor;
				CODE_SIGN_STYLE = Automatic;
				CURRENT_PROJECT_VERSION = 1;
				GENERATE_INFOPLIST_FILE = YES;
				INFOPLIST_FILE = wechatSwiftUI/Info.plist;
				INFOPLIST_KEY_UIApplicationSupportsIndirectInputEvents = YES;
				INFOPLIST_KEY_UILaunchStoryboardName = LaunchScreen;
				INFOPLIST_KEY_UIMainStoryboardFile = Main;
				INFOPLIST_KEY_UIStatusBarStyle = UIStatusBarStyleDefault;
				INFOPLIST_KEY_UISupportedInterfaceOrientations = UIInterfaceOrientationPortrait;
				INFOPLIST_KEY_UISupportedInterfaceOrientations_iPad = "UIInterfaceOrientationLandscapeLeft UIInterfaceOrientationLandscapeRight UIInterfaceOrientationPortrait UIInterfaceOrientationPortraitUpsideDown";
				IPHONEOS_DEPLOYMENT_TARGET = 15.0;
				LD_RUNPATH_SEARCH_PATHS = (
					"$(inherited)",
					"@executable_path/Frameworks",
				);
				MARKETING_VERSION = 1.0;
				PRODUCT_BUNDLE_IDENTIFIER = tanxl.wechatSwiftUI;
				PRODUCT_NAME = "$(TARGET_NAME)";
				SUPPORTED_PLATFORMS = "iphoneos iphonesimulator";
				SUPPORTS_MACCATALYST = NO;
				SUPPORTS_MAC_DESIGNED_FOR_IPHONE_IPAD = NO;
				SWIFT_EMIT_LOC_STRINGS = YES;
				SWIFT_VERSION = 5.0;
				TARGETED_DEVICE_FAMILY = 1;
			};
			name = Debug;
		};
		615D3947291FB04200251211 /* Release */ = {
			isa = XCBuildConfiguration;
			baseConfigurationReference = 693375C6F52E04A953F66ACC /* Pods-wechatSwiftUI.release.xcconfig */;
			buildSettings = {
				ASSETCATALOG_COMPILER_APPICON_NAME = AppIcon;
				ASSETCATALOG_COMPILER_GLOBAL_ACCENT_COLOR_NAME = AccentColor;
				CODE_SIGN_STYLE = Automatic;
				CURRENT_PROJECT_VERSION = 1;
				GENERATE_INFOPLIST_FILE = YES;
				INFOPLIST_FILE = wechatSwiftUI/Info.plist;
				INFOPLIST_KEY_UIApplicationSupportsIndirectInputEvents = YES;
				INFOPLIST_KEY_UILaunchStoryboardName = LaunchScreen;
				INFOPLIST_KEY_UIMainStoryboardFile = Main;
				INFOPLIST_KEY_UIStatusBarStyle = UIStatusBarStyleDefault;
				INFOPLIST_KEY_UISupportedInterfaceOrientations = UIInterfaceOrientationPortrait;
				INFOPLIST_KEY_UISupportedInterfaceOrientations_iPad = "UIInterfaceOrientationLandscapeLeft UIInterfaceOrientationLandscapeRight UIInterfaceOrientationPortrait UIInterfaceOrientationPortraitUpsideDown";
				IPHONEOS_DEPLOYMENT_TARGET = 15.0;
				LD_RUNPATH_SEARCH_PATHS = (
					"$(inherited)",
					"@executable_path/Frameworks",
				);
				MARKETING_VERSION = 1.0;
				PRODUCT_BUNDLE_IDENTIFIER = tanxl.wechatSwiftUI;
				PRODUCT_NAME = "$(TARGET_NAME)";
				SUPPORTED_PLATFORMS = "iphoneos iphonesimulator";
				SUPPORTS_MACCATALYST = NO;
				SUPPORTS_MAC_DESIGNED_FOR_IPHONE_IPAD = NO;
				SWIFT_EMIT_LOC_STRINGS = YES;
				SWIFT_VERSION = 5.0;
				TARGETED_DEVICE_FAMILY = 1;
			};
			name = Release;
		};
		615D3949291FB04200251211 /* Debug */ = {
			isa = XCBuildConfiguration;
			baseConfigurationReference = 4C8DEF664496711E5B304AD8 /* Pods-wechatSwiftUITests.debug.xcconfig */;
			buildSettings = {
				ALWAYS_EMBED_SWIFT_STANDARD_LIBRARIES = YES;
				BUNDLE_LOADER = "$(TEST_HOST)";
				CODE_SIGN_STYLE = Automatic;
				CURRENT_PROJECT_VERSION = 1;
				GENERATE_INFOPLIST_FILE = YES;
				IPHONEOS_DEPLOYMENT_TARGET = 16.1;
				MARKETING_VERSION = 1.0;
				PRODUCT_BUNDLE_IDENTIFIER = tanxl.wechatSwiftUITests;
				PRODUCT_NAME = "$(TARGET_NAME)";
				SWIFT_EMIT_LOC_STRINGS = NO;
				SWIFT_VERSION = 5.0;
				TARGETED_DEVICE_FAMILY = "1,2";
				TEST_HOST = "$(BUILT_PRODUCTS_DIR)/wechatSwiftUI.app/$(BUNDLE_EXECUTABLE_FOLDER_PATH)/wechatSwiftUI";
			};
			name = Debug;
		};
		615D394A291FB04200251211 /* Release */ = {
			isa = XCBuildConfiguration;
			baseConfigurationReference = CA405E499F3034D602363EAF /* Pods-wechatSwiftUITests.release.xcconfig */;
			buildSettings = {
				ALWAYS_EMBED_SWIFT_STANDARD_LIBRARIES = YES;
				BUNDLE_LOADER = "$(TEST_HOST)";
				CODE_SIGN_STYLE = Automatic;
				CURRENT_PROJECT_VERSION = 1;
				GENERATE_INFOPLIST_FILE = YES;
				IPHONEOS_DEPLOYMENT_TARGET = 16.1;
				MARKETING_VERSION = 1.0;
				PRODUCT_BUNDLE_IDENTIFIER = tanxl.wechatSwiftUITests;
				PRODUCT_NAME = "$(TARGET_NAME)";
				SWIFT_EMIT_LOC_STRINGS = NO;
				SWIFT_VERSION = 5.0;
				TARGETED_DEVICE_FAMILY = "1,2";
				TEST_HOST = "$(BUILT_PRODUCTS_DIR)/wechatSwiftUI.app/$(BUNDLE_EXECUTABLE_FOLDER_PATH)/wechatSwiftUI";
			};
			name = Release;
		};
		615D394C291FB04200251211 /* Debug */ = {
			isa = XCBuildConfiguration;
			baseConfigurationReference = BCED876C270413D4952F8B6E /* Pods-wechatSwiftUI-wechatSwiftUIUITests.debug.xcconfig */;
			buildSettings = {
				ALWAYS_EMBED_SWIFT_STANDARD_LIBRARIES = YES;
				CODE_SIGN_STYLE = Automatic;
				CURRENT_PROJECT_VERSION = 1;
				GENERATE_INFOPLIST_FILE = YES;
				MARKETING_VERSION = 1.0;
				PRODUCT_BUNDLE_IDENTIFIER = tanxl.wechatSwiftUIUITests;
				PRODUCT_NAME = "$(TARGET_NAME)";
				SWIFT_EMIT_LOC_STRINGS = NO;
				SWIFT_VERSION = 5.0;
				TARGETED_DEVICE_FAMILY = "1,2";
				TEST_TARGET_NAME = wechatSwiftUI;
			};
			name = Debug;
		};
		615D394D291FB04200251211 /* Release */ = {
			isa = XCBuildConfiguration;
			baseConfigurationReference = 4007BB7EBE889D3912A9F2D3 /* Pods-wechatSwiftUI-wechatSwiftUIUITests.release.xcconfig */;
			buildSettings = {
				ALWAYS_EMBED_SWIFT_STANDARD_LIBRARIES = YES;
				CODE_SIGN_STYLE = Automatic;
				CURRENT_PROJECT_VERSION = 1;
				GENERATE_INFOPLIST_FILE = YES;
				MARKETING_VERSION = 1.0;
				PRODUCT_BUNDLE_IDENTIFIER = tanxl.wechatSwiftUIUITests;
				PRODUCT_NAME = "$(TARGET_NAME)";
				SWIFT_EMIT_LOC_STRINGS = NO;
				SWIFT_VERSION = 5.0;
				TARGETED_DEVICE_FAMILY = "1,2";
				TEST_TARGET_NAME = wechatSwiftUI;
			};
			name = Release;
		};
/* End XCBuildConfiguration section */

/* Begin XCConfigurationList section */
		615D3916291FB04000251211 /* Build configuration list for PBXProject "wechatSwiftUI" */ = {
			isa = XCConfigurationList;
			buildConfigurations = (
				615D3943291FB04200251211 /* Debug */,
				615D3944291FB04200251211 /* Release */,
			);
			defaultConfigurationIsVisible = 0;
			defaultConfigurationName = Release;
		};
		615D3945291FB04200251211 /* Build configuration list for PBXNativeTarget "wechatSwiftUI" */ = {
			isa = XCConfigurationList;
			buildConfigurations = (
				615D3946291FB04200251211 /* Debug */,
				615D3947291FB04200251211 /* Release */,
			);
			defaultConfigurationIsVisible = 0;
			defaultConfigurationName = Release;
		};
		615D3948291FB04200251211 /* Build configuration list for PBXNativeTarget "wechatSwiftUITests" */ = {
			isa = XCConfigurationList;
			buildConfigurations = (
				615D3949291FB04200251211 /* Debug */,
				615D394A291FB04200251211 /* Release */,
			);
			defaultConfigurationIsVisible = 0;
			defaultConfigurationName = Release;
		};
		615D394B291FB04200251211 /* Build configuration list for PBXNativeTarget "wechatSwiftUIUITests" */ = {
			isa = XCConfigurationList;
			buildConfigurations = (
				615D394C291FB04200251211 /* Debug */,
				615D394D291FB04200251211 /* Release */,
			);
			defaultConfigurationIsVisible = 0;
			defaultConfigurationName = Release;
		};
/* End XCConfigurationList section */
	};
	rootObject = 615D3913291FB04000251211 /* Project object */;
}
